
Microsoft Visual Studio Solution File, Format Version 12.00
Project("{FAE04EC0-301F-11D3-BF4B-00C04F79EFBC}") = "FuncExamplePoc", "FuncExamplePoc\FuncExamplePoc.csproj", "{CEBE8041-7C9B-4BD2-A828-BD818E87225C}"
EndProject
Global
	GlobalSection(SolutionConfigurationPlatforms) = preSolution
		Debug|Any CPU = Debug|Any CPU
		Release|Any CPU = Release|Any CPU
	EndGlobalSection
	GlobalSection(ProjectConfigurationPlatforms) = postSolution
		{CEBE8041-7C9B-4BD2-A828-BD818E87225C}.Debug|Any CPU.ActiveCfg = Debug|Any CPU
		{CEBE8041-7C9B-4BD2-A828-BD818E87225C}.Debug|Any CPU.Build.0 = Debug|Any CPU
		{CEBE8041-7C9B-4BD2-A828-BD818E87225C}.Release|Any CPU.ActiveCfg = Release|Any CPU
		{CEBE8041-7C9B-4BD2-A828-BD818E87225C}.Release|Any CPU.Build.0 = Release|Any CPU
	EndGlobalSection
EndGlobal
